
Microsoft Visual Studio Solution File, Format Version 12.00
# Visual Studio 15
VisualStudioVersion = 15.0.27703.2018
MinimumVisualStudioVersion = 10.0.40219.1
Project("{9A19103F-16F7-4668-BE54-9A1E7A4F7556}") = "Manulife.DNC.MSAD.APIGateway", "Manulife.DNC.MSAD.APIGateway\Manulife.DNC.MSAD.APIGateway.csproj", "{775BCC0C-9E44-43F8-AFCB-76A665F213F1}"
EndProject
Project("{9A19103F-16F7-4668-BE54-9A1E7A4F7556}") = "Manulife.DNC.MSAD.NB.ClientService", "Manulife.DNC.MSAD.NB.ClientService\Manulife.DNC.MSAD.NB.ClientService.csproj", "{94DBE71B-E54D-42C3-9E0B-B93CCE050ECE}"
EndProject
Project("{9A19103F-16F7-4668-BE54-9A1E7A4F7556}") = "Manulife.DNC.MSAD.NB.ProductService", "Manulife.DNC.MSAD.NB.ProductService\Manulife.DNC.MSAD.NB.ProductService.csproj", "{A6AE9244-B63D-4E10-9EC6-275B3A99DF24}"
EndProject
Project("{9A19103F-16F7-4668-BE54-9A1E7A4F7556}") = "Manulife.DNC.MSAD.Web", "Manulife.DNC.MSAD.Web\Manulife.DNC.MSAD.Web.csproj", "{1141EAEB-0AC3-4D3A-BBEF-307A42BFB02A}"
EndProject
Project("{9A19103F-16F7-4668-BE54-9A1E7A4F7556}") = "Manulife.DNC.MSAD.Common", "Manulife.DNC.MSAD.Common\Manulife.DNC.MSAD.Common.csproj", "{7D27E7B7-B384-4E78-BB6E-7F791D0F1220}"
EndProject
Global
	GlobalSection(SolutionConfigurationPlatforms) = preSolution
		Debug|Any CPU = Debug|Any CPU
		Release|Any CPU = Release|Any CPU
	EndGlobalSection
	GlobalSection(ProjectConfigurationPlatforms) = postSolution
		{775BCC0C-9E44-43F8-AFCB-76A665F213F1}.Debug|Any CPU.ActiveCfg = Debug|Any CPU
		{775BCC0C-9E44-43F8-AFCB-76A665F213F1}.Debug|Any CPU.Build.0 = Debug|Any CPU
		{775BCC0C-9E44-43F8-AFCB-76A665F213F1}.Release|Any CPU.ActiveCfg = Release|Any CPU
		{775BCC0C-9E44-43F8-AFCB-76A665F213F1}.Release|Any CPU.Build.0 = Release|Any CPU
		{94DBE71B-E54D-42C3-9E0B-B93CCE050ECE}.Debug|Any CPU.ActiveCfg = Debug|Any CPU
		{94DBE71B-E54D-42C3-9E0B-B93CCE050ECE}.Debug|Any CPU.Build.0 = Debug|Any CPU
		{94DBE71B-E54D-42C3-9E0B-B93CCE050ECE}.Release|Any CPU.ActiveCfg = Release|Any CPU
		{94DBE71B-E54D-42C3-9E0B-B93CCE050ECE}.Release|Any CPU.Build.0 = Release|Any CPU
		{A6AE9244-B63D-4E10-9EC6-275B3A99DF24}.Debug|Any CPU.ActiveCfg = Debug|Any CPU
		{A6AE9244-B63D-4E10-9EC6-275B3A99DF24}.Debug|Any CPU.Build.0 = Debug|Any CPU
		{A6AE9244-B63D-4E10-9EC6-275B3A99DF24}.Release|Any CPU.ActiveCfg = Release|Any CPU
		{A6AE9244-B63D-4E10-9EC6-275B3A99DF24}.Release|Any CPU.Build.0 = Release|Any CPU
		{1141EAEB-0AC3-4D3A-BBEF-307A42BFB02A}.Debug|Any CPU.ActiveCfg = Debug|Any CPU
		{1141EAEB-0AC3-4D3A-BBEF-307A42BFB02A}.Debug|Any CPU.Build.0 = Debug|Any CPU
		{1141EAEB-0AC3-4D3A-BBEF-307A42BFB02A}.Release|Any CPU.ActiveCfg = Release|Any CPU
		{1141EAEB-0AC3-4D3A-BBEF-307A42BFB02A}.Release|Any CPU.Build.0 = Release|Any CPU
		{7D27E7B7-B384-4E78-BB6E-7F791D0F1220}.Debug|Any CPU.ActiveCfg = Debug|Any CPU
		{7D27E7B7-B384-4E78-BB6E-7F791D0F1220}.Debug|Any CPU.Build.0 = Debug|Any CPU
		{7D27E7B7-B384-4E78-BB6E-7F791D0F1220}.Release|Any CPU.ActiveCfg = Release|Any CPU
		{7D27E7B7-B384-4E78-BB6E-7F791D0F1220}.Release|Any CPU.Build.0 = Release|Any CPU
	EndGlobalSection
	GlobalSection(SolutionProperties) = preSolution
		HideSolutionNode = FALSE
	EndGlobalSection
	GlobalSection(ExtensibilityGlobals) = postSolution
		SolutionGuid = {1B157747-3DF4-4B19-BA40-88CCF3C81D38}
	EndGlobalSection
EndGlobal
